{
  "name": "npm-test-project",
  "version": "1.0.0",
  "lockfileVersion": 3,
  "requires": true,
  "packages": {
    "": {
      "name": "npm-test-project",
      "version": "1.0.0",
      "license": "ISC",
      "dependencies": {
        "fecha": "https://github.com/taylorhakes/fecha/archive/b0f5695f4ec48d79e381c056fc6f4dda29025b43.tar.gz",
        "uuid": "^9.0.0"
      }
    },
    "node_modules/fecha": {
      "version": "4.2.1",
      "resolved": "https://github.com/taylorhakes/fecha/archive/b0f5695f4ec48d79e381c056fc6f4dda29025b43.tar.gz",
      "integrity": "sha512-l/9bjwURqf2sIer64pVPntGBOoYsMHMD6a30z62s/h+E8VjcMntsFE+bIYRxlNFNoBYy25NPZx73qVb+pAxu/w==",
      "license": "MIT"
    },
    "node_modules/uuid": {
      "version": "9.0.0",
      "resolved": "https://registry.npmjs.org/uuid/-/uuid-9.0.0.tgz",
      "integrity": "sha512-MXcSTerfPa4uqyzStbRoTgt5XIe3x5+42+q1sDuy3R5MDk66URdLMOZe5aPX/SQd+kuYAh0FdP/pO28IkQyTeg==",
      "bin": {
        "uuid": "dist/bin/uuid"
      }
    }
  }
}
